
Microsoft Visual Studio Solution File, Format Version 12.00
# Visual Studio Version 16
VisualStudioVersion = 16.0.29728.190
MinimumVisualStudioVersion = 10.0.40219.1
Project("{FAE04EC0-301F-11D3-BF4B-00C04F79EFBC}") = "zadanie4", "zadanie4\zadanie4.csproj", "{816A8DC9-9E29-4C03-846A-9B58F7C3ECE1}"
EndProject
Global
	GlobalSection(SolutionConfigurationPlatforms) = preSolution
		Debug|Any CPU = Debug|Any CPU
		Release|Any CPU = Release|Any CPU
	EndGlobalSection
	GlobalSection(ProjectConfigurationPlatforms) = postSolution
		{816A8DC9-9E29-4C03-846A-9B58F7C3ECE1}.Debug|Any CPU.ActiveCfg = Debug|Any CPU
		{816A8DC9-9E29-4C03-846A-9B58F7C3ECE1}.Debug|Any CPU.Build.0 = Debug|Any CPU
		{816A8DC9-9E29-4C03-846A-9B58F7C3ECE1}.Release|Any CPU.ActiveCfg = Release|Any CPU
		{816A8DC9-9E29-4C03-846A-9B58F7C3ECE1}.Release|Any CPU.Build.0 = Release|Any CPU
	EndGlobalSection
	GlobalSection(SolutionProperties) = preSolution
		HideSolutionNode = FALSE
	EndGlobalSection
	GlobalSection(ExtensibilityGlobals) = postSolution
		SolutionGuid = {A6C5E402-B427-4FD3-8069-3527212741F4}
	EndGlobalSection
EndGlobal
